
Microsoft Visual Studio Solution File, Format Version 12.00
# Visual Studio Version 17
VisualStudioVersion = 17.9.34728.123
MinimumVisualStudioVersion = 10.0.40219.1
Project("{2150E333-8FDC-42A3-9474-1A3956D46DE8}") = "ShopManagment", "ShopManagment", "{67144550-E376-4D04-8D80-0F471D0B3E05}"
EndProject
Project("{2150E333-8FDC-42A3-9474-1A3956D46DE8}") = "SM.Domain", "SM.Domain", "{908AC009-41FB-4DAF-8FC4-78C8DE79021C}"
EndProject
Project("{9A19103F-16F7-4668-BE54-9A1E7A4F7556}") = "0_Framework", "0_Framework\0_Framework.csproj", "{54D37CA5-C256-44DC-8361-02F51D0ACA91}"
EndProject
Project("{9A19103F-16F7-4668-BE54-9A1E7A4F7556}") = "ShopManagment.Domain", "ShopManagment.Domain\ShopManagment.Domain.csproj", "{9C5A714D-DBF3-45E6-B216-CB2FEC4F165B}"
EndProject
Project("{2150E333-8FDC-42A3-9474-1A3956D46DE8}") = "SM.Application", "SM.Application", "{2D4AB54D-0819-455F-8C1D-5167A7EF3B90}"
EndProject
Project("{9A19103F-16F7-4668-BE54-9A1E7A4F7556}") = "ShopManagment.Application.contracts", "ShopManagment.Application.contracts\ShopManagment.Application.contracts.csproj", "{02CE5B4B-03A7-44D7-8AC1-1C8F448A83A3}"
EndProject
Project("{9A19103F-16F7-4668-BE54-9A1E7A4F7556}") = "ShopManagment.Application", "ShopManagment.Application\ShopManagment.Application.csproj", "{B757C3A8-AAF7-4CB6-9055-8EA6AAF0A682}"
EndProject
Project("{2150E333-8FDC-42A3-9474-1A3956D46DE8}") = "SM.Infrastructure", "SM.Infrastructure", "{41F8170A-AABF-4C25-8076-EAEAFA2C3600}"
EndProject
Project("{9A19103F-16F7-4668-BE54-9A1E7A4F7556}") = "ShopManagment.Infrastructure.EFCore", "ShopManagment.Infrastructure.EFCore\ShopManagment.Infrastructure.EFCore.csproj", "{7E7A8A2D-2754-4639-9971-9CE91DB831DF}"
EndProject
Project("{9A19103F-16F7-4668-BE54-9A1E7A4F7556}") = "ShopManagment.Infrastructure.Configuration", "ShopManagment.Infrastructure.Configuration\ShopManagment.Infrastructure.Configuration.csproj", "{9FD10DA1-9E69-4D23-B2B1-E5E248037D06}"
EndProject
Project("{2150E333-8FDC-42A3-9474-1A3956D46DE8}") = "Solution Items", "Solution Items", "{B1A28435-D396-4B68-ACBF-23B3D37BEDFA}"
	ProjectSection(SolutionItems) = preProject
		.gitignore = .gitignore
	EndProjectSection
EndProject
Project("{9A19103F-16F7-4668-BE54-9A1E7A4F7556}") = "LampShade.WebApi", "LampShade.WebApi\LampShade.WebApi.csproj", "{E37A1F25-419D-40A0-91A0-3E6DCA1B6F1E}"
EndProject
Project("{2150E333-8FDC-42A3-9474-1A3956D46DE8}") = "DiscountManagment", "DiscountManagment", "{971879BC-9635-4184-8493-EEEBA38957E5}"
EndProject
Project("{2150E333-8FDC-42A3-9474-1A3956D46DE8}") = "DM.Domain", "DM.Domain", "{F9C55EDC-3ECA-416D-A0E1-A84D945C6413}"
EndProject
Project("{9A19103F-16F7-4668-BE54-9A1E7A4F7556}") = "DiscountManagment.Domain", "DiscountManagment.Domain\DiscountManagment.Domain.csproj", "{C79235E2-7C12-4CA4-9159-A5699E1EB1CD}"
EndProject
Project("{2150E333-8FDC-42A3-9474-1A3956D46DE8}") = "DM.Application", "DM.Application", "{4D2E0B99-087D-4DB0-8D3B-56C389779987}"
EndProject
Project("{9A19103F-16F7-4668-BE54-9A1E7A4F7556}") = "DiscountManagment.Application.contracts", "DiscountManagment.Application.contracts\DiscountManagment.Application.contracts.csproj", "{7D23FAEC-8C0F-4BEC-B9F8-EC97957EC66C}"
EndProject
Project("{9A19103F-16F7-4668-BE54-9A1E7A4F7556}") = "DiscountManagment.Application", "DiscountManagment.Application\DiscountManagment.Application.csproj", "{DF110392-35A9-4A34-B994-C151AAABE26B}"
EndProject
Project("{2150E333-8FDC-42A3-9474-1A3956D46DE8}") = "DM.Infrastructure", "DM.Infrastructure", "{74317407-635E-4090-BFF8-10AB236BC0E9}"
EndProject
Project("{9A19103F-16F7-4668-BE54-9A1E7A4F7556}") = "DiscountManagment.Infrastructure.EfCore", "DiscountManagment.Infrastructure.EfCore\DiscountManagment.Infrastructure.EfCore.csproj", "{2ADAD6BB-417C-4809-8543-4DA2020266C8}"
EndProject
Project("{9A19103F-16F7-4668-BE54-9A1E7A4F7556}") = "DiscountManagment.Infrastructure.Configuration", "DiscountManagment.Infrastructure.Configuration\DiscountManagment.Infrastructure.Configuration.csproj", "{6E21186E-3F98-4C62-A9B1-7C81E1168BA1}"
EndProject
Project("{2150E333-8FDC-42A3-9474-1A3956D46DE8}") = "InventoryManagment", "InventoryManagment", "{1ADA9D9F-057A-408E-AE9B-98B65638F2E6}"
EndProject
Project("{2150E333-8FDC-42A3-9474-1A3956D46DE8}") = "IM.Domain", "IM.Domain", "{A226AED3-81A0-40BF-A368-B2B26065CD20}"
EndProject
Project("{2150E333-8FDC-42A3-9474-1A3956D46DE8}") = "IM.Application", "IM.Application", "{1DE7F646-F980-4171-8854-4DD4ABA7645B}"
EndProject
Project("{2150E333-8FDC-42A3-9474-1A3956D46DE8}") = "IM.Infrastructure", "IM.Infrastructure", "{34BCBFD7-227E-49AC-9181-CA6A634A6D11}"
EndProject
Project("{9A19103F-16F7-4668-BE54-9A1E7A4F7556}") = "InventoryManagment.Domain", "InventoryManagment.Domain\InventoryManagment.Domain.csproj", "{43A1239B-D125-495B-A39D-383A97A09CFA}"
EndProject
Project("{2150E333-8FDC-42A3-9474-1A3956D46DE8}") = "AccountManagment", "AccountManagment", "{BAA1192A-C670-4AE3-819D-DFB1F8E870F7}"
EndProject
Project("{2150E333-8FDC-42A3-9474-1A3956D46DE8}") = "AM.Domain", "AM.Domain", "{1D657A1B-1464-44C3-A6C2-6279FA44E904}"
EndProject
Project("{2150E333-8FDC-42A3-9474-1A3956D46DE8}") = "AM.Application", "AM.Application", "{6704F88E-C131-4E4F-8D7E-96D30748B9AC}"
EndProject
Project("{2150E333-8FDC-42A3-9474-1A3956D46DE8}") = "AM.Infrastructure", "AM.Infrastructure", "{20351C71-3F0D-447F-97B5-FFD6FC1868CF}"
EndProject
Project("{9A19103F-16F7-4668-BE54-9A1E7A4F7556}") = "AccountManagement.Domain", "AccountManagement.Domain\AccountManagement.Domain.csproj", "{CF99ABDC-D51A-4D9B-BA3E-2C0BE932FDB3}"
EndProject
Project("{9A19103F-16F7-4668-BE54-9A1E7A4F7556}") = "AccountManagment.Application.contracts", "AccountManagment.Application.contracts\AccountManagment.Application.contracts.csproj", "{A7F7E64E-F343-4710-BDA2-D2B0C3A10787}"
EndProject
Project("{9A19103F-16F7-4668-BE54-9A1E7A4F7556}") = "AccountManagment.Application", "AccountManagment.Application\AccountManagment.Application.csproj", "{FA40A405-13B1-4069-8AAF-371EE6F6F9CD}"
EndProject
Project("{9A19103F-16F7-4668-BE54-9A1E7A4F7556}") = "AccountManagment.Infrastructure.EfCore", "AccountManagment.Infrastructure.EfCore\AccountManagment.Infrastructure.EfCore.csproj", "{BA88FDD9-3585-4229-B070-F626A75B9C09}"
EndProject
Project("{FAE04EC0-301F-11D3-BF4B-00C04F79EFBC}") = "AccountManagment.Infrastructure.Configuration", "AccountManagment.Infrastructure.Configuration\AccountManagment.Infrastructure.Configuration.csproj", "{65278EC8-4707-4DEF-8199-5C48F5EADA64}"
EndProject
Global
	GlobalSection(SolutionConfigurationPlatforms) = preSolution
		Debug|Any CPU = Debug|Any CPU
		Release|Any CPU = Release|Any CPU
	EndGlobalSection
	GlobalSection(ProjectConfigurationPlatforms) = postSolution
		{54D37CA5-C256-44DC-8361-02F51D0ACA91}.Debug|Any CPU.ActiveCfg = Debug|Any CPU
		{54D37CA5-C256-44DC-8361-02F51D0ACA91}.Debug|Any CPU.Build.0 = Debug|Any CPU
		{54D37CA5-C256-44DC-8361-02F51D0ACA91}.Release|Any CPU.ActiveCfg = Release|Any CPU
		{54D37CA5-C256-44DC-8361-02F51D0ACA91}.Release|Any CPU.Build.0 = Release|Any CPU
		{9C5A714D-DBF3-45E6-B216-CB2FEC4F165B}.Debug|Any CPU.ActiveCfg = Debug|Any CPU
		{9C5A714D-DBF3-45E6-B216-CB2FEC4F165B}.Debug|Any CPU.Build.0 = Debug|Any CPU
		{9C5A714D-DBF3-45E6-B216-CB2FEC4F165B}.Release|Any CPU.ActiveCfg = Release|Any CPU
		{9C5A714D-DBF3-45E6-B216-CB2FEC4F165B}.Release|Any CPU.Build.0 = Release|Any CPU
		{02CE5B4B-03A7-44D7-8AC1-1C8F448A83A3}.Debug|Any CPU.ActiveCfg = Debug|Any CPU
		{02CE5B4B-03A7-44D7-8AC1-1C8F448A83A3}.Debug|Any CPU.Build.0 = Debug|Any CPU
		{02CE5B4B-03A7-44D7-8AC1-1C8F448A83A3}.Release|Any CPU.ActiveCfg = Release|Any CPU
		{02CE5B4B-03A7-44D7-8AC1-1C8F448A83A3}.Release|Any CPU.Build.0 = Release|Any CPU
		{B757C3A8-AAF7-4CB6-9055-8EA6AAF0A682}.Debug|Any CPU.ActiveCfg = Debug|Any CPU
		{B757C3A8-AAF7-4CB6-9055-8EA6AAF0A682}.Debug|Any CPU.Build.0 = Debug|Any CPU
		{B757C3A8-AAF7-4CB6-9055-8EA6AAF0A682}.Release|Any CPU.ActiveCfg = Release|Any CPU
		{B757C3A8-AAF7-4CB6-9055-8EA6AAF0A682}.Release|Any CPU.Build.0 = Release|Any CPU
		{7E7A8A2D-2754-4639-9971-9CE91DB831DF}.Debug|Any CPU.ActiveCfg = Debug|Any CPU
		{7E7A8A2D-2754-4639-9971-9CE91DB831DF}.Debug|Any CPU.Build.0 = Debug|Any CPU
		{7E7A8A2D-2754-4639-9971-9CE91DB831DF}.Release|Any CPU.ActiveCfg = Release|Any CPU
		{7E7A8A2D-2754-4639-9971-9CE91DB831DF}.Release|Any CPU.Build.0 = Release|Any CPU
		{9FD10DA1-9E69-4D23-B2B1-E5E248037D06}.Debug|Any CPU.ActiveCfg = Debug|Any CPU
		{9FD10DA1-9E69-4D23-B2B1-E5E248037D06}.Debug|Any CPU.Build.0 = Debug|Any CPU
		{9FD10DA1-9E69-4D23-B2B1-E5E248037D06}.Release|Any CPU.ActiveCfg = Release|Any CPU
		{9FD10DA1-9E69-4D23-B2B1-E5E248037D06}.Release|Any CPU.Build.0 = Release|Any CPU
		{E37A1F25-419D-40A0-91A0-3E6DCA1B6F1E}.Debug|Any CPU.ActiveCfg = Debug|Any CPU
		{E37A1F25-419D-40A0-91A0-3E6DCA1B6F1E}.Debug|Any CPU.Build.0 = Debug|Any CPU
		{E37A1F25-419D-40A0-91A0-3E6DCA1B6F1E}.Release|Any CPU.ActiveCfg = Release|Any CPU
		{E37A1F25-419D-40A0-91A0-3E6DCA1B6F1E}.Release|Any CPU.Build.0 = Release|Any CPU
		{C79235E2-7C12-4CA4-9159-A5699E1EB1CD}.Debug|Any CPU.ActiveCfg = Debug|Any CPU
		{C79235E2-7C12-4CA4-9159-A5699E1EB1CD}.Debug|Any CPU.Build.0 = Debug|Any CPU
		{C79235E2-7C12-4CA4-9159-A5699E1EB1CD}.Release|Any CPU.ActiveCfg = Release|Any CPU
		{C79235E2-7C12-4CA4-9159-A5699E1EB1CD}.Release|Any CPU.Build.0 = Release|Any CPU
		{7D23FAEC-8C0F-4BEC-B9F8-EC97957EC66C}.Debug|Any CPU.ActiveCfg = Debug|Any CPU
		{7D23FAEC-8C0F-4BEC-B9F8-EC97957EC66C}.Debug|Any CPU.Build.0 = Debug|Any CPU
		{7D23FAEC-8C0F-4BEC-B9F8-EC97957EC66C}.Release|Any CPU.ActiveCfg = Release|Any CPU
		{7D23FAEC-8C0F-4BEC-B9F8-EC97957EC66C}.Release|Any CPU.Build.0 = Release|Any CPU
		{DF110392-35A9-4A34-B994-C151AAABE26B}.Debug|Any CPU.ActiveCfg = Debug|Any CPU
		{DF110392-35A9-4A34-B994-C151AAABE26B}.Debug|Any CPU.Build.0 = Debug|Any CPU
		{DF110392-35A9-4A34-B994-C151AAABE26B}.Release|Any CPU.ActiveCfg = Release|Any CPU
		{DF110392-35A9-4A34-B994-C151AAABE26B}.Release|Any CPU.Build.0 = Release|Any CPU
		{2ADAD6BB-417C-4809-8543-4DA2020266C8}.Debug|Any CPU.ActiveCfg = Debug|Any CPU
		{2ADAD6BB-417C-4809-8543-4DA2020266C8}.Debug|Any CPU.Build.0 = Debug|Any CPU
		{2ADAD6BB-417C-4809-8543-4DA2020266C8}.Release|Any CPU.ActiveCfg = Release|Any CPU
		{2ADAD6BB-417C-4809-8543-4DA2020266C8}.Release|Any CPU.Build.0 = Release|Any CPU
		{6E21186E-3F98-4C62-A9B1-7C81E1168BA1}.Debug|Any CPU.ActiveCfg = Debug|Any CPU
		{6E21186E-3F98-4C62-A9B1-7C81E1168BA1}.Debug|Any CPU.Build.0 = Debug|Any CPU
		{6E21186E-3F98-4C62-A9B1-7C81E1168BA1}.Release|Any CPU.ActiveCfg = Release|Any CPU
		{6E21186E-3F98-4C62-A9B1-7C81E1168BA1}.Release|Any CPU.Build.0 = Release|Any CPU
		{43A1239B-D125-495B-A39D-383A97A09CFA}.Debug|Any CPU.ActiveCfg = Debug|Any CPU
		{43A1239B-D125-495B-A39D-383A97A09CFA}.Debug|Any CPU.Build.0 = Debug|Any CPU
		{43A1239B-D125-495B-A39D-383A97A09CFA}.Release|Any CPU.ActiveCfg = Release|Any CPU
		{43A1239B-D125-495B-A39D-383A97A09CFA}.Release|Any CPU.Build.0 = Release|Any CPU
		{CF99ABDC-D51A-4D9B-BA3E-2C0BE932FDB3}.Debug|Any CPU.ActiveCfg = Debug|Any CPU
		{CF99ABDC-D51A-4D9B-BA3E-2C0BE932FDB3}.Debug|Any CPU.Build.0 = Debug|Any CPU
		{CF99ABDC-D51A-4D9B-BA3E-2C0BE932FDB3}.Release|Any CPU.ActiveCfg = Release|Any CPU
		{CF99ABDC-D51A-4D9B-BA3E-2C0BE932FDB3}.Release|Any CPU.Build.0 = Release|Any CPU
		{A7F7E64E-F343-4710-BDA2-D2B0C3A10787}.Debug|Any CPU.ActiveCfg = Debug|Any CPU
		{A7F7E64E-F343-4710-BDA2-D2B0C3A10787}.Debug|Any CPU.Build.0 = Debug|Any CPU
		{A7F7E64E-F343-4710-BDA2-D2B0C3A10787}.Release|Any CPU.ActiveCfg = Release|Any CPU
		{A7F7E64E-F343-4710-BDA2-D2B0C3A10787}.Release|Any CPU.Build.0 = Release|Any CPU
		{FA40A405-13B1-4069-8AAF-371EE6F6F9CD}.Debug|Any CPU.ActiveCfg = Debug|Any CPU
		{FA40A405-13B1-4069-8AAF-371EE6F6F9CD}.Debug|Any CPU.Build.0 = Debug|Any CPU
		{FA40A405-13B1-4069-8AAF-371EE6F6F9CD}.Release|Any CPU.ActiveCfg = Release|Any CPU
		{FA40A405-13B1-4069-8AAF-371EE6F6F9CD}.Release|Any CPU.Build.0 = Release|Any CPU
		{BA88FDD9-3585-4229-B070-F626A75B9C09}.Debug|Any CPU.ActiveCfg = Debug|Any CPU
		{BA88FDD9-3585-4229-B070-F626A75B9C09}.Debug|Any CPU.Build.0 = Debug|Any CPU
		{BA88FDD9-3585-4229-B070-F626A75B9C09}.Release|Any CPU.ActiveCfg = Release|Any CPU
		{BA88FDD9-3585-4229-B070-F626A75B9C09}.Release|Any CPU.Build.0 = Release|Any CPU
		{65278EC8-4707-4DEF-8199-5C48F5EADA64}.Debug|Any CPU.ActiveCfg = Debug|Any CPU
		{65278EC8-4707-4DEF-8199-5C48F5EADA64}.Debug|Any CPU.Build.0 = Debug|Any CPU
		{65278EC8-4707-4DEF-8199-5C48F5EADA64}.Release|Any CPU.ActiveCfg = Release|Any CPU
		{65278EC8-4707-4DEF-8199-5C48F5EADA64}.Release|Any CPU.Build.0 = Release|Any CPU
	EndGlobalSection
	GlobalSection(SolutionProperties) = preSolution
		HideSolutionNode = FALSE
	EndGlobalSection
	GlobalSection(NestedProjects) = preSolution
		{908AC009-41FB-4DAF-8FC4-78C8DE79021C} = {67144550-E376-4D04-8D80-0F471D0B3E05}
		{9C5A714D-DBF3-45E6-B216-CB2FEC4F165B} = {908AC009-41FB-4DAF-8FC4-78C8DE79021C}
		{2D4AB54D-0819-455F-8C1D-5167A7EF3B90} = {67144550-E376-4D04-8D80-0F471D0B3E05}
		{02CE5B4B-03A7-44D7-8AC1-1C8F448A83A3} = {2D4AB54D-0819-455F-8C1D-5167A7EF3B90}
		{B757C3A8-AAF7-4CB6-9055-8EA6AAF0A682} = {2D4AB54D-0819-455F-8C1D-5167A7EF3B90}
		{41F8170A-AABF-4C25-8076-EAEAFA2C3600} = {67144550-E376-4D04-8D80-0F471D0B3E05}
		{7E7A8A2D-2754-4639-9971-9CE91DB831DF} = {41F8170A-AABF-4C25-8076-EAEAFA2C3600}
		{9FD10DA1-9E69-4D23-B2B1-E5E248037D06} = {41F8170A-AABF-4C25-8076-EAEAFA2C3600}
		{F9C55EDC-3ECA-416D-A0E1-A84D945C6413} = {971879BC-9635-4184-8493-EEEBA38957E5}
		{C79235E2-7C12-4CA4-9159-A5699E1EB1CD} = {F9C55EDC-3ECA-416D-A0E1-A84D945C6413}
		{4D2E0B99-087D-4DB0-8D3B-56C389779987} = {971879BC-9635-4184-8493-EEEBA38957E5}
		{7D23FAEC-8C0F-4BEC-B9F8-EC97957EC66C} = {4D2E0B99-087D-4DB0-8D3B-56C389779987}
		{DF110392-35A9-4A34-B994-C151AAABE26B} = {4D2E0B99-087D-4DB0-8D3B-56C389779987}
		{74317407-635E-4090-BFF8-10AB236BC0E9} = {971879BC-9635-4184-8493-EEEBA38957E5}
		{2ADAD6BB-417C-4809-8543-4DA2020266C8} = {74317407-635E-4090-BFF8-10AB236BC0E9}
		{6E21186E-3F98-4C62-A9B1-7C81E1168BA1} = {74317407-635E-4090-BFF8-10AB236BC0E9}
		{A226AED3-81A0-40BF-A368-B2B26065CD20} = {1ADA9D9F-057A-408E-AE9B-98B65638F2E6}
		{1DE7F646-F980-4171-8854-4DD4ABA7645B} = {1ADA9D9F-057A-408E-AE9B-98B65638F2E6}
		{34BCBFD7-227E-49AC-9181-CA6A634A6D11} = {1ADA9D9F-057A-408E-AE9B-98B65638F2E6}
		{43A1239B-D125-495B-A39D-383A97A09CFA} = {A226AED3-81A0-40BF-A368-B2B26065CD20}
		{1D657A1B-1464-44C3-A6C2-6279FA44E904} = {BAA1192A-C670-4AE3-819D-DFB1F8E870F7}
		{6704F88E-C131-4E4F-8D7E-96D30748B9AC} = {BAA1192A-C670-4AE3-819D-DFB1F8E870F7}
		{20351C71-3F0D-447F-97B5-FFD6FC1868CF} = {BAA1192A-C670-4AE3-819D-DFB1F8E870F7}
		{CF99ABDC-D51A-4D9B-BA3E-2C0BE932FDB3} = {1D657A1B-1464-44C3-A6C2-6279FA44E904}
		{A7F7E64E-F343-4710-BDA2-D2B0C3A10787} = {6704F88E-C131-4E4F-8D7E-96D30748B9AC}
		{FA40A405-13B1-4069-8AAF-371EE6F6F9CD} = {6704F88E-C131-4E4F-8D7E-96D30748B9AC}
		{BA88FDD9-3585-4229-B070-F626A75B9C09} = {20351C71-3F0D-447F-97B5-FFD6FC1868CF}
		{65278EC8-4707-4DEF-8199-5C48F5EADA64} = {20351C71-3F0D-447F-97B5-FFD6FC1868CF}
	EndGlobalSection
	GlobalSection(ExtensibilityGlobals) = postSolution
		SolutionGuid = {3DCC1060-2C19-42E0-ADF6-D25066523C11}
	EndGlobalSection
EndGlobal
